
Microsoft Visual Studio Solution File, Format Version 12.00
# Visual Studio Version 17
VisualStudioVersion = 17.0.32112.339
MinimumVisualStudioVersion = 10.0.40219.1
Project("{FAE04EC0-301F-11D3-BF4B-00C04F79EFBC}") = "EarlyStageDiabetesPredictor", "EarlyStageDiabetesPredictor\EarlyStageDiabetesPredictor.csproj", "{360B141A-DF54-40E4-9D2F-565BF53DE5EB}"
EndProject
Global
	GlobalSection(SolutionConfigurationPlatforms) = preSolution
		Debug|Any CPU = Debug|Any CPU
		Release|Any CPU = Release|Any CPU
	EndGlobalSection
	GlobalSection(ProjectConfigurationPlatforms) = postSolution
		{360B141A-DF54-40E4-9D2F-565BF53DE5EB}.Debug|Any CPU.ActiveCfg = Debug|Any CPU
		{360B141A-DF54-40E4-9D2F-565BF53DE5EB}.Debug|Any CPU.Build.0 = Debug|Any CPU
		{360B141A-DF54-40E4-9D2F-565BF53DE5EB}.Release|Any CPU.ActiveCfg = Release|Any CPU
		{360B141A-DF54-40E4-9D2F-565BF53DE5EB}.Release|Any CPU.Build.0 = Release|Any CPU
	EndGlobalSection
	GlobalSection(SolutionProperties) = preSolution
		HideSolutionNode = FALSE
	EndGlobalSection
	GlobalSection(ExtensibilityGlobals) = postSolution
		SolutionGuid = {F2A46412-7B26-45C4-8BB7-E6BC637423C2}
	EndGlobalSection
EndGlobal
